
Microsoft Visual Studio Solution File, Format Version 12.00
# Visual Studio Version 17
VisualStudioVersion = 17.5.33530.505
MinimumVisualStudioVersion = 10.0.40219.1
Project("{9A19103F-16F7-4668-BE54-9A1E7A4F7556}") = "WebAPI", "WebAPI.csproj", "{144F7B37-8246-4ABD-A372-EF2B82629233}"
EndProject
Project("{FAE04EC0-301F-11D3-BF4B-00C04F79EFBC}") = "WebAPI_unitTesting", "..\WebAPI_unitTesting\WebAPI_unitTesting.csproj", "{6063B10D-BEF0-4642-96EE-7EC6078AA814}"
EndProject
Global
	GlobalSection(SolutionConfigurationPlatforms) = preSolution
		Debug|Any CPU = Debug|Any CPU
		Release|Any CPU = Release|Any CPU
	EndGlobalSection
	GlobalSection(ProjectConfigurationPlatforms) = postSolution
		{144F7B37-8246-4ABD-A372-EF2B82629233}.Debug|Any CPU.ActiveCfg = Debug|Any CPU
		{144F7B37-8246-4ABD-A372-EF2B82629233}.Debug|Any CPU.Build.0 = Debug|Any CPU
		{144F7B37-8246-4ABD-A372-EF2B82629233}.Release|Any CPU.ActiveCfg = Release|Any CPU
		{144F7B37-8246-4ABD-A372-EF2B82629233}.Release|Any CPU.Build.0 = Release|Any CPU
		{6063B10D-BEF0-4642-96EE-7EC6078AA814}.Debug|Any CPU.ActiveCfg = Debug|Any CPU
		{6063B10D-BEF0-4642-96EE-7EC6078AA814}.Debug|Any CPU.Build.0 = Debug|Any CPU
		{6063B10D-BEF0-4642-96EE-7EC6078AA814}.Release|Any CPU.ActiveCfg = Release|Any CPU
		{6063B10D-BEF0-4642-96EE-7EC6078AA814}.Release|Any CPU.Build.0 = Release|Any CPU
	EndGlobalSection
	GlobalSection(SolutionProperties) = preSolution
		HideSolutionNode = FALSE
	EndGlobalSection
	GlobalSection(ExtensibilityGlobals) = postSolution
		SolutionGuid = {D9BF002D-66B4-4F18-BF83-4B609ACBBB57}
	EndGlobalSection
EndGlobal
